
Microsoft Visual Studio Solution File, Format Version 12.00
# Visual Studio Version 16
VisualStudioVersion = 16.0.29519.87
MinimumVisualStudioVersion = 10.0.40219.1
Project("{FAE04EC0-301F-11D3-BF4B-00C04F79EFBC}") = "TheSurvivor", "TheSurvivor.csproj", "{5D5F54D4-2AD9-4234-8A93-DDA512F3A2E0}"
EndProject
Global
	GlobalSection(SolutionConfigurationPlatforms) = preSolution
		Debug|Any CPU = Debug|Any CPU
		Release|Any CPU = Release|Any CPU
	EndGlobalSection
	GlobalSection(ProjectConfigurationPlatforms) = postSolution
		{5D5F54D4-2AD9-4234-8A93-DDA512F3A2E0}.Debug|Any CPU.ActiveCfg = Debug|Any CPU
		{5D5F54D4-2AD9-4234-8A93-DDA512F3A2E0}.Debug|Any CPU.Build.0 = Debug|Any CPU
		{5D5F54D4-2AD9-4234-8A93-DDA512F3A2E0}.Release|Any CPU.ActiveCfg = Release|Any CPU
		{5D5F54D4-2AD9-4234-8A93-DDA512F3A2E0}.Release|Any CPU.Build.0 = Release|Any CPU
	EndGlobalSection
	GlobalSection(SolutionProperties) = preSolution
		HideSolutionNode = FALSE
	EndGlobalSection
	GlobalSection(ExtensibilityGlobals) = postSolution
		SolutionGuid = {73CC02DA-C5D2-42D8-B54D-D919861E0F43}
	EndGlobalSection
EndGlobal
